<?xml version="1.0" encoding="utf-8"?>
<Project ToolsVersion="4.0" xmlns="http://schemas.microsoft.com/developer/msbuild/2003">
  <ItemGroup>
    <Filter Include="Source Files">
      <UniqueIdentifier>{4FC737F1-C7A5-4376-A066-2A32D752A2FF}</UniqueIdentifier>
      <Extensions>cpp;c;cc;cxx;def;odl;idl;hpj;bat;asm;asmx</Extensions>
    </Filter>
    <Filter Include="Header Files">
      <UniqueIdentifier>{93995380-89BD-4b04-88EB-625FBE52EBFB}</UniqueIdentifier>
      <Extensions>h;hh;hpp;hxx;hm;inl;inc;ipp;xsd</Extensions>
    </Filter>
    <Filter Include="Resource Files">
      <UniqueIdentifier>{67DA6AB6-F800-4c08-8B7A-83BB121AAD01}</UniqueIdentifier>
      <Extensions>rc;ico;cur;bmp;dlg;rc2;rct;bin;rgs;gif;jpg;jpeg;jpe;resx;tiff;tif;png;wav;mfcribbon-ms</Extensions>
    </Filter>
    <Filter Include="Header Files\Objects">
      <UniqueIdentifier>{0b2cfbd1-bcbe-4a34-9592-b067876bc30b}</UniqueIdentifier>
    </Filter>
    <Filter Include="Source Files\Objects">
      <UniqueIdentifier>{d24c1564-aeb3-4516-9340-0431f748c780}</UniqueIdentifier>
    </Filter>
  </ItemGroup>
  <ItemGroup>
    <ClCompile Include="main.cpp">
      <Filter>Source Files</Filter>
    </ClCompile>
    <ClCompile Include="stdafx.cpp">
      <Filter>Source Files</Filter>
    </ClCompile>
    <ClCompile Include="TextToSpeech.cpp">
      <Filter>Source Files</Filter>
    </ClCompile>
    <ClCompile Include="TTSVoiceCallback.cpp">
      <Filter>Source Files</Filter>
    </ClCompile>
    <ClCompile Include="Utils.cpp">
      <Filter>Source Files</Filter>
    </ClCompile>
    <ClCompile Include="Drawable.cpp">
      <Filter>Source Files\Objects</Filter>
    </ClCompile>
    <ClCompile Include="Keyboard.cpp">
      <Filter>Source Files</Filter>
    </ClCompile>
    <ClCompile Include="Window.cpp">
      <Filter>Source Files</Filter>
    </ClCompile>
    <ClCompile Include="Mouse.cpp">
      <Filter>Source Files</Filter>
    </ClCompile>
    <ClCompile Include="Exception.cpp">
      <Filter>Source Files</Filter>
    </ClCompile>
    <ClCompile Include="Graphics2D.cpp">
      <Filter>Source Files</Filter>
    </ClCompile>
    <ClCompile Include="Application.cpp">
      <Filter>Source Files</Filter>
    </ClCompile>
    <ClCompile Include="Scene.cpp">
      <Filter>Source Files</Filter>
    </ClCompile>
    <ClCompile Include="View.cpp">
      <Filter>Source Files</Filter>
    </ClCompile>
    <ClCompile Include="GameMenuScene.cpp">
      <Filter>Source Files</Filter>
    </ClCompile>
    <ClCompile Include="SceneCallback.cpp">
      <Filter>Source Files</Filter>
    </ClCompile>
    <ClCompile Include="KeyboardTutorialSystem.cpp">
      <Filter>Source Files</Filter>
    </ClCompile>
    <ClCompile Include="ILesson.cpp">
      <Filter>Source Files</Filter>
    </ClCompile>
    <ClCompile Include="Lessons.cpp">
      <Filter>Source Files</Filter>
    </ClCompile>
    <ClCompile Include="Lessons2.cpp">
      <Filter>Source Files</Filter>
    </ClCompile>
    <ClCompile Include="Lessons3.cpp">
      <Filter>Source Files</Filter>
    </ClCompile>
    <ClCompile Include="Lessons4.cpp">
      <Filter>Source Files</Filter>
    </ClCompile>
    <ClCompile Include="Lessons5.cpp">
      <Filter>Source Files</Filter>
    </ClCompile>
    <ClCompile Include="ScoreScene.cpp">
      <Filter>Source Files</Filter>
    </ClCompile>
    <ClCompile Include="QuitMessageScene.cpp">
      <Filter>Source Files</Filter>
    </ClCompile>
    <ClCompile Include="MainMenuScene.cpp">
      <Filter>Source Files</Filter>
    </ClCompile>
    <ClCompile Include="UserListScene.cpp">
      <Filter>Source Files</Filter>
    </ClCompile>
    <ClCompile Include="UserList.cpp">
      <Filter>Source Files</Filter>
    </ClCompile>
    <ClCompile Include="NewUserScene.cpp">
      <Filter>Source Files</Filter>
    </ClCompile>
  </ItemGroup>
  <ItemGroup>
    <ClInclude Include="stdafx.h">
      <Filter>Header Files</Filter>
    </ClInclude>
    <ClInclude Include="resource.h">
      <Filter>Header Files</Filter>
    </ClInclude>
    <ClInclude Include="Object.h">
      <Filter>Header Files\Objects</Filter>
    </ClInclude>
    <ClInclude Include="Drawable.h">
      <Filter>Header Files\Objects</Filter>
    </ClInclude>
    <ClInclude Include="Utils.h">
      <Filter>Header Files</Filter>
    </ClInclude>
    <ClInclude Include="TextToSpeech.h">
      <Filter>Header Files</Filter>
    </ClInclude>
    <ClInclude Include="TTSVoiceCallback.h">
      <Filter>Header Files</Filter>
    </ClInclude>
    <ClInclude Include="Keyboard.h">
      <Filter>Header Files</Filter>
    </ClInclude>
    <ClInclude Include="Window.h">
      <Filter>Header Files</Filter>
    </ClInclude>
    <ClInclude Include="Mouse.h">
      <Filter>Header Files</Filter>
    </ClInclude>
    <ClInclude Include="Exception.h">
      <Filter>Header Files</Filter>
    </ClInclude>
    <ClInclude Include="Graphics2D.h">
      <Filter>Header Files</Filter>
    </ClInclude>
    <ClInclude Include="Application.h">
      <Filter>Header Files</Filter>
    </ClInclude>
    <ClInclude Include="SelectionMenuCallback.h">
      <Filter>Header Files</Filter>
    </ClInclude>
    <ClInclude Include="KeyboardTutorialSystem.h">
      <Filter>Header Files</Filter>
    </ClInclude>
    <ClInclude Include="ILesson.h">
      <Filter>Header Files\Objects</Filter>
    </ClInclude>
    <ClInclude Include="GameMenuScene.h">
      <Filter>Header Files\Objects</Filter>
    </ClInclude>
    <ClInclude Include="Scene.h">
      <Filter>Header Files\Objects</Filter>
    </ClInclude>
    <ClInclude Include="SceneCallback.h">
      <Filter>Header Files\Objects</Filter>
    </ClInclude>
    <ClInclude Include="View.h">
      <Filter>Header Files\Objects</Filter>
    </ClInclude>
    <ClInclude Include="Lessons.h">
      <Filter>Header Files</Filter>
    </ClInclude>
    <ClInclude Include="Lessons2.h">
      <Filter>Header Files</Filter>
    </ClInclude>
    <ClInclude Include="Lessons3.h">
      <Filter>Header Files</Filter>
    </ClInclude>
    <ClInclude Include="Lessons4.h">
      <Filter>Header Files</Filter>
    </ClInclude>
    <ClInclude Include="Lessons5.h">
      <Filter>Header Files</Filter>
    </ClInclude>
    <ClInclude Include="ScoreScene.h">
      <Filter>Header Files</Filter>
    </ClInclude>
    <ClInclude Include="QuitMessageScene.h">
      <Filter>Header Files</Filter>
    </ClInclude>
    <ClInclude Include="MainMenuScene.h">
      <Filter>Header Files</Filter>
    </ClInclude>
    <ClInclude Include="UserListScene.h">
      <Filter>Header Files</Filter>
    </ClInclude>
    <ClInclude Include="UserList.h">
      <Filter>Header Files</Filter>
    </ClInclude>
    <ClInclude Include="NewUserScene.h">
      <Filter>Header Files</Filter>
    </ClInclude>
  </ItemGroup>
  <ItemGroup>
    <ResourceCompile Include="Resource.rc">
      <Filter>Resource Files</Filter>
    </ResourceCompile>
  </ItemGroup>
  <ItemGroup>
    <Image Include="Resources\Images\icon.ico">
      <Filter>Resource Files</Filter>
    </Image>
  </ItemGroup>
  <ItemGroup>
    <Text Include="Resources\Texts\21. The B Key.txt" />
    <Text Include="Resources\Texts\22. The Quotation Mark.txt" />
    <Text Include="Resources\Texts\23. The Q Key.txt" />
    <Text Include="Resources\Texts\24. The Colon Key.txt" />
    <Text Include="Resources\Texts\25. The P Key.txt" />
    <Text Include="Resources\Texts\26. The X Key.txt" />
    <Text Include="Resources\Texts\27. The Z Key.txt" />
    <Text Include="Resources\Texts\28. Left Hand Number Row.txt" />
    <Text Include="Resources\Texts\29. Right Hand Number Row.txt" />
    <Text Include="Resources\Texts\30. The Intire Number Row.txt" />
    <Text Include="Resources\Texts\Lesson 11 - The V Key.txt" />
    <Text Include="Resources\Texts\Lesson 12 - The W Key.txt" />
    <Text Include="Resources\Texts\Lesson 13 - The O Key.txt" />
    <Text Include="Resources\Texts\Lesson 14 - Capital Letters.txt" />
    <Text Include="Resources\Texts\Lesson 15 - C and Comma.txt" />
    <Text Include="Resources\Texts\Lesson 16 - T and Period.txt" />
    <Text Include="Resources\Texts\Lesson 17 - Question Mark.txt" />
    <Text Include="Resources\Texts\Lesson 18 - The M Key.txt" />
    <Text Include="Resources\Texts\Lesson 19 - The Y Key.txt" />
    <Text Include="Resources\Texts\Lesson 20 - Apostrophe.txt" />
    <Text Include="Resources\Texts\lesson 31 Exclamation mark and %40 symbol.txt" />
    <Text Include="Resources\Texts\lesson1-The Right hand.txt" />
    <Text Include="Resources\Texts\lesson2- The left hand.txt" />
    <Text Include="Resources\Texts\lesson3- The home row.txt" />
    <Text Include="Resources\Texts\lesson4- The I Key.txt" />
    <Text Include="Resources\Texts\lesson5- The E key.txt" />
    <Text Include="Resources\Texts\lesson6- The H Key.txt" />
    <Text Include="Resources\Texts\lesson7- The G Key.txt" />
    <Text Include="Resources\Texts\lesson8- The R Key.txt" />
    <Text Include="Resources\Texts\lesson9- The U Key.txt" />
    <Text Include="Resources\Texts\lesson10- The N Key.txt" />
    <Text Include="Resources\Texts\lesson11- The V Key.txt" />
    <Text Include="Resources\Texts\lesson12- The W Key.txt" />
    <Text Include="Resources\Texts\lesson13- The O Key.txt" />
    <Text Include="Resources\Texts\lesson14 - Capital Letters.txt" />
    <Text Include="Resources\Texts\lesson15- C and Comma.txt" />
    <Text Include="Resources\Texts\lesson16 - T and Period.txt" />
    <Text Include="Resources\Texts\lesson17- Question Mark.txt" />
    <Text Include="Resources\Texts\lesson18- The M Key.txt" />
    <Text Include="Resources\Texts\lesson19- The Y Key.txt" />
    <Text Include="Resources\Texts\lesson20- Apostrophe.txt" />
    <Text Include="Resources\Texts\lesson21- The B Key.txt" />
    <Text Include="Resources\Texts\lesson22- The Quotation Mark.txt" />
    <Text Include="Resources\Texts\lesson23- The Q Key.txt" />
    <Text Include="Resources\Texts\lesson24- The Colon Key.txt" />
    <Text Include="Resources\Texts\lesson25- The P Key.txt" />
    <Text Include="Resources\Texts\lesson26- The X Key.txt" />
    <Text Include="Resources\Texts\lesson27- The Z Key.txt" />
    <Text Include="Resources\Texts\lesson28- Left Hand Number Row.txt" />
    <Text Include="Resources\Texts\lesson29- Right Hand Number Row.txt" />
    <Text Include="Resources\Texts\lesson30- The Intire Number Row.txt" />
    <Text Include="Resources\Texts\lesson31- Exclamation mark and %40 symbol.txt" />
    <Text Include="Resources\Texts\lesson32- Number and dollar sign.txt" />
    <Text Include="Resources\Texts\lesson33- percent and caret.txt" />
    <Text Include="Resources\Texts\lesson34- Ampersand and asterisk.txt" />
    <Text Include="Resources\Texts\lesson35- left and right parenthesis.txt" />
    <Text Include="Resources\Texts\lesson36- Underscore and hyphen.txt" />
    <Text Include="Resources\Texts\lesson37- equal and plus.txt" />
    <Text Include="Resources\Texts\lesson38- square and brackets.txt" />
    <Text Include="Resources\Texts\lesson39- curly brackets.txt" />
    <Text Include="Resources\Texts\lesson40- less than and greater than.txt" />
    <Text Include="Resources\Texts\lesson41- forward slash and backslash.txt" />
    <Text Include="Resources\Texts\lesson42- tilde and grave accent.txt" />
    <Text Include="Resources\Texts\lesson43- Numpad.txt" />
  </ItemGroup>
  <ItemGroup>
    <Media Include="Resources\Audio\check.wav">
      <Filter>Resource Files</Filter>
    </Media>
    <Media Include="Resources\Audio\complete.wav">
      <Filter>Resource Files</Filter>
    </Media>
    <Media Include="Resources\Audio\select.wav">
      <Filter>Resource Files</Filter>
    </Media>
    <Media Include="Resources\Audio\wrong.wav">
      <Filter>Resource Files</Filter>
    </Media>
  </ItemGroup>
</Project>